
Microsoft Visual Studio Solution File, Format Version 12.00
# Visual Studio Version 16
VisualStudioVersion = 16.0.31729.503
MinimumVisualStudioVersion = 10.0.40219.1
Project("{FAE04EC0-301F-11D3-BF4B-00C04F79EFBC}") = "HMO_ShiraEzra", "HMO_ShiraEzra\HMO_ShiraEzra.csproj", "{191578D3-30A4-4D90-80A8-B8EAF7D20A10}"
EndProject
Project("{FAE04EC0-301F-11D3-BF4B-00C04F79EFBC}") = "DAL", "DAL\DAL.csproj", "{B1C7F0D6-3259-46D1-871B-C8A8BE2FB0F0}"
EndProject
Project("{FAE04EC0-301F-11D3-BF4B-00C04F79EFBC}") = "BLL", "BLL\BLL.csproj", "{ED6552B5-25EF-4062-B16D-002E60899C1A}"
EndProject
Global
	GlobalSection(SolutionConfigurationPlatforms) = preSolution
		Debug|Any CPU = Debug|Any CPU
		Release|Any CPU = Release|Any CPU
	EndGlobalSection
	GlobalSection(ProjectConfigurationPlatforms) = postSolution
		{191578D3-30A4-4D90-80A8-B8EAF7D20A10}.Debug|Any CPU.ActiveCfg = Debug|Any CPU
		{191578D3-30A4-4D90-80A8-B8EAF7D20A10}.Debug|Any CPU.Build.0 = Debug|Any CPU
		{191578D3-30A4-4D90-80A8-B8EAF7D20A10}.Release|Any CPU.ActiveCfg = Release|Any CPU
		{191578D3-30A4-4D90-80A8-B8EAF7D20A10}.Release|Any CPU.Build.0 = Release|Any CPU
		{B1C7F0D6-3259-46D1-871B-C8A8BE2FB0F0}.Debug|Any CPU.ActiveCfg = Debug|Any CPU
		{B1C7F0D6-3259-46D1-871B-C8A8BE2FB0F0}.Debug|Any CPU.Build.0 = Debug|Any CPU
		{B1C7F0D6-3259-46D1-871B-C8A8BE2FB0F0}.Release|Any CPU.ActiveCfg = Release|Any CPU
		{B1C7F0D6-3259-46D1-871B-C8A8BE2FB0F0}.Release|Any CPU.Build.0 = Release|Any CPU
		{ED6552B5-25EF-4062-B16D-002E60899C1A}.Debug|Any CPU.ActiveCfg = Debug|Any CPU
		{ED6552B5-25EF-4062-B16D-002E60899C1A}.Debug|Any CPU.Build.0 = Debug|Any CPU
		{ED6552B5-25EF-4062-B16D-002E60899C1A}.Release|Any CPU.ActiveCfg = Release|Any CPU
		{ED6552B5-25EF-4062-B16D-002E60899C1A}.Release|Any CPU.Build.0 = Release|Any CPU
	EndGlobalSection
	GlobalSection(SolutionProperties) = preSolution
		HideSolutionNode = FALSE
	EndGlobalSection
	GlobalSection(ExtensibilityGlobals) = postSolution
		SolutionGuid = {A8E0C837-1E1A-433E-A45B-B1D1B9523E72}
	EndGlobalSection
EndGlobal
